// !$*UTF8*$!
{
	archiveVersion = 1;
	classes = {
	};
	objectVersion = 55;
	objects = {

/* Begin PBXBuildFile section */
		53C843B428B6930E003437CB /* AnimatableVectorDemoApp.swift in Sources */ = {isa = PBXBuildFile; fileRef = 53C843A428B6930E003437CB /* AnimatableVectorDemoApp.swift */; };
		53C843B528B6930E003437CB /* AnimatableVectorDemoApp.swift in Sources */ = {isa = PBXBuildFile; fileRef = 53C843A428B6930E003437CB /* AnimatableVectorDemoApp.swift */; };
		53C843B628B6930E003437CB /* ContentView.swift in Sources */ = {isa = PBXBuildFile; fileRef = 53C843A528B6930E003437CB /* ContentView.swift */; };
		53C843B728B6930E003437CB /* ContentView.swift in Sources */ = {isa = PBXBuildFile; fileRef = 53C843A528B6930E003437CB /* ContentView.swift */; };
		53C843B828B6930E003437CB /* Assets.xcassets in Resources */ = {isa = PBXBuildFile; fileRef = 53C843A628B6930E003437CB /* Assets.xcassets */; };
		53C843B928B6930E003437CB /* Assets.xcassets in Resources */ = {isa = PBXBuildFile; fileRef = 53C843A628B6930E003437CB /* Assets.xcassets */; };
		53C843C528B693DA003437CB /* PlotView.swift in Sources */ = {isa = PBXBuildFile; fileRef = 53C843C228B693DA003437CB /* PlotView.swift */; };
		53C843C628B693DA003437CB /* PlotView.swift in Sources */ = {isa = PBXBuildFile; fileRef = 53C843C228B693DA003437CB /* PlotView.swift */; };
		53C843C728B693DA003437CB /* DataSource.swift in Sources */ = {isa = PBXBuildFile; fileRef = 53C843C328B693DA003437CB /* DataSource.swift */; };
		53C843C828B693DA003437CB /* DataSource.swift in Sources */ = {isa = PBXBuildFile; fileRef = 53C843C328B693DA003437CB /* DataSource.swift */; };
		53C843C928B693DA003437CB /* AnimatableVector.swift in Sources */ = {isa = PBXBuildFile; fileRef = 53C843C428B693DA003437CB /* AnimatableVector.swift */; };
		53C843CA28B693DA003437CB /* AnimatableVector.swift in Sources */ = {isa = PBXBuildFile; fileRef = 53C843C428B693DA003437CB /* AnimatableVector.swift */; };
/* End PBXBuildFile section */

/* Begin PBXFileReference section */
		53C843A428B6930E003437CB /* AnimatableVectorDemoApp.swift */ = {isa = PBXFileReference; lastKnownFileType = sourcecode.swift; path = AnimatableVectorDemoApp.swift; sourceTree = "<group>"; };
		53C843A528B6930E003437CB /* ContentView.swift */ = {isa = PBXFileReference; lastKnownFileType = sourcecode.swift; path = ContentView.swift; sourceTree = "<group>"; };
		53C843A628B6930E003437CB /* Assets.xcassets */ = {isa = PBXFileReference; lastKnownFileType = folder.assetcatalog; path = Assets.xcassets; sourceTree = "<group>"; };
		53C843AB28B6930E003437CB /* AnimatableVectorDemo.app */ = {isa = PBXFileReference; explicitFileType = wrapper.application; includeInIndex = 0; path = AnimatableVectorDemo.app; sourceTree = BUILT_PRODUCTS_DIR; };
		53C843B128B6930E003437CB /* AnimatableVectorDemo.app */ = {isa = PBXFileReference; explicitFileType = wrapper.application; includeInIndex = 0; path = AnimatableVectorDemo.app; sourceTree = BUILT_PRODUCTS_DIR; };
		53C843B328B6930E003437CB /* macOS.entitlements */ = {isa = PBXFileReference; lastKnownFileType = text.plist.entitlements; path = macOS.entitlements; sourceTree = "<group>"; };
		53C843C228B693DA003437CB /* PlotView.swift */ = {isa = PBXFileReference; fileEncoding = 4; lastKnownFileType = sourcecode.swift; path = PlotView.swift; sourceTree = "<group>"; };
		53C843C328B693DA003437CB /* DataSource.swift */ = {isa = PBXFileReference; fileEncoding = 4; lastKnownFileType = sourcecode.swift; path = DataSource.swift; sourceTree = "<group>"; };
		53C843C428B693DA003437CB /* AnimatableVector.swift */ = {isa = PBXFileReference; fileEncoding = 4; lastKnownFileType = sourcecode.swift; path = AnimatableVector.swift; sourceTree = "<group>"; };
/* End PBXFileReference section */

/* Begin PBXFrameworksBuildPhase section */
		53C843A828B6930E003437CB /* Frameworks */ = {
			isa = PBXFrameworksBuildPhase;
			buildActionMask = 2147483647;
			files = (
			);
			runOnlyForDeploymentPostprocessing = 0;
		};
		53C843AE28B6930E003437CB /* Frameworks */ = {
			isa = PBXFrameworksBuildPhase;
			buildActionMask = 2147483647;
			files = (
			);
			runOnlyForDeploymentPostprocessing = 0;
		};
/* End PBXFrameworksBuildPhase section */

/* Begin PBXGroup section */
		53C8439E28B6930D003437CB = {
			isa = PBXGroup;
			children = (
				53C843A328B6930E003437CB /* Shared */,
				53C843B228B6930E003437CB /* macOS */,
				53C843AC28B6930E003437CB /* Products */,
			);
			sourceTree = "<group>";
		};
		53C843A328B6930E003437CB /* Shared */ = {
			isa = PBXGroup;
			children = (
				53C843A428B6930E003437CB /* AnimatableVectorDemoApp.swift */,
				53C843C428B693DA003437CB /* AnimatableVector.swift */,
				53C843C328B693DA003437CB /* DataSource.swift */,
				53C843C228B693DA003437CB /* PlotView.swift */,
				53C843A528B6930E003437CB /* ContentView.swift */,
				53C843A628B6930E003437CB /* Assets.xcassets */,
			);
			path = Shared;
			sourceTree = "<group>";
		};
		53C843AC28B6930E003437CB /* Products */ = {
			isa = PBXGroup;
			children = (
				53C843AB28B6930E003437CB /* AnimatableVectorDemo.app */,
				53C843B128B6930E003437CB /* AnimatableVectorDemo.app */,
			);
			name = Products;
			sourceTree = "<group>";
		};
		53C843B228B6930E003437CB /* macOS */ = {
			isa = PBXGroup;
			children = (
				53C843B328B6930E003437CB /* macOS.entitlements */,
			);
			path = macOS;
			sourceTree = "<group>";
		};
/* End PBXGroup section */

/* Begin PBXNativeTarget section */
		53C843AA28B6930E003437CB /* AnimatableVectorDemo (iOS) */ = {
			isa = PBXNativeTarget;
			buildConfigurationList = 53C843BC28B6930E003437CB /* Build configuration list for PBXNativeTarget "AnimatableVectorDemo (iOS)" */;
			buildPhases = (
				53C843A728B6930E003437CB /* Sources */,
				53C843A828B6930E003437CB /* Frameworks */,
				53C843A928B6930E003437CB /* Resources */,
			);
			buildRules = (
			);
			dependencies = (
			);
			name = "AnimatableVectorDemo (iOS)";
			productName = "AnimatableVectorDemo (iOS)";
			productReference = 53C843AB28B6930E003437CB /* AnimatableVectorDemo.app */;
			productType = "com.apple.product-type.application";
		};
		53C843B028B6930E003437CB /* AnimatableVectorDemo (macOS) */ = {
			isa = PBXNativeTarget;
			buildConfigurationList = 53C843BF28B6930E003437CB /* Build configuration list for PBXNativeTarget "AnimatableVectorDemo (macOS)" */;
			buildPhases = (
				53C843AD28B6930E003437CB /* Sources */,
				53C843AE28B6930E003437CB /* Frameworks */,
				53C843AF28B6930E003437CB /* Resources */,
			);
			buildRules = (
			);
			dependencies = (
			);
			name = "AnimatableVectorDemo (macOS)";
			productName = "AnimatableVectorDemo (macOS)";
			productReference = 53C843B128B6930E003437CB /* AnimatableVectorDemo.app */;
			productType = "com.apple.product-type.application";
		};
/* End PBXNativeTarget section */

/* Begin PBXProject section */
		53C8439F28B6930D003437CB /* Project object */ = {
			isa = PBXProject;
			attributes = {
				BuildIndependentTargetsInParallel = 1;
				LastSwiftUpdateCheck = 1340;
				LastUpgradeCheck = 1340;
				TargetAttributes = {
					53C843AA28B6930E003437CB = {
						CreatedOnToolsVersion = 13.4.1;
					};
					53C843B028B6930E003437CB = {
						CreatedOnToolsVersion = 13.4.1;
					};
				};
			};
			buildConfigurationList = 53C843A228B6930D003437CB /* Build configuration list for PBXProject "AnimatableVectorDemo" */;
			compatibilityVersion = "Xcode 13.0";
			developmentRegion = en;
			hasScannedForEncodings = 0;
			knownRegions = (
				en,
				Base,
			);
			mainGroup = 53C8439E28B6930D003437CB;
			productRefGroup = 53C843AC28B6930E003437CB /* Products */;
			projectDirPath = "";
			projectRoot = "";
			targets = (
				53C843AA28B6930E003437CB /* AnimatableVectorDemo (iOS) */,
				53C843B028B6930E003437CB /* AnimatableVectorDemo (macOS) */,
			);
		};
/* End PBXProject section */

/* Begin PBXResourcesBuildPhase section */
		53C843A928B6930E003437CB /* Resources */ = {
			isa = PBXResourcesBuildPhase;
			buildActionMask = 2147483647;
			files = (
				53C843B828B6930E003437CB /* Assets.xcassets in Resources */,
			);
			runOnlyForDeploymentPostprocessing = 0;
		};
		53C843AF28B6930E003437CB /* Resources */ = {
			isa = PBXResourcesBuildPhase;
			buildActionMask = 2147483647;
			files = (
				53C843B928B6930E003437CB /* Assets.xcassets in Resources */,
			);
			runOnlyForDeploymentPostprocessing = 0;
		};
/* End PBXResourcesBuildPhase section */

/* Begin PBXSourcesBuildPhase section */
		53C843A728B6930E003437CB /* Sources */ = {
			isa = PBXSourcesBuildPhase;
			buildActionMask = 2147483647;
			files = (
				53C843B628B6930E003437CB /* ContentView.swift in Sources */,
				53C843C528B693DA003437CB /* PlotView.swift in Sources */,
				53C843C928B693DA003437CB /* AnimatableVector.swift in Sources */,
				53C843C728B693DA003437CB /* DataSource.swift in Sources */,
				53C843B428B6930E003437CB /* AnimatableVectorDemoApp.swift in Sources */,
			);
			runOnlyForDeploymentPostprocessing = 0;
		};
		53C843AD28B6930E003437CB /* Sources */ = {
			isa = PBXSourcesBuildPhase;
			buildActionMask = 2147483647;
			files = (
				53C843B728B6930E003437CB /* ContentView.swift in Sources */,
				53C843C628B693DA003437CB /* PlotView.swift in Sources */,
				53C843CA28B693DA003437CB /* AnimatableVector.swift in Sources */,
				53C843C828B693DA003437CB /* DataSource.swift in Sources */,
				53C843B528B6930E003437CB /* AnimatableVectorDemoApp.swift in Sources */,
			);
			runOnlyForDeploymentPostprocessing = 0;
		};
/* End PBXSourcesBuildPhase section */

/* Begin XCBuildConfiguration section */
		53C843BA28B6930E003437CB /* Debug */ = {
			isa = XCBuildConfiguration;
			buildSettings = {
				ALWAYS_SEARCH_USER_PATHS = NO;
				CLANG_ANALYZER_NONNULL = YES;
				CLANG_ANALYZER_NUMBER_OBJECT_CONVERSION = YES_AGGRESSIVE;
				CLANG_CXX_LANGUAGE_STANDARD = "gnu++17";
				CLANG_ENABLE_MODULES = YES;
				CLANG_ENABLE_OBJC_ARC = YES;
				CLANG_ENABLE_OBJC_WEAK = YES;
				CLANG_WARN_BLOCK_CAPTURE_AUTORELEASING = YES;
				CLANG_WARN_BOOL_CONVERSION = YES;
				CLANG_WARN_COMMA = YES;
				CLANG_WARN_CONSTANT_CONVERSION = YES;
				CLANG_WARN_DEPRECATED_OBJC_IMPLEMENTATIONS = YES;
				CLANG_WARN_DIRECT_OBJC_ISA_USAGE = YES_ERROR;
				CLANG_WARN_DOCUMENTATION_COMMENTS = YES;
				CLANG_WARN_EMPTY_BODY = YES;
				CLANG_WARN_ENUM_CONVERSION = YES;
				CLANG_WARN_INFINITE_RECURSION = YES;
				CLANG_WARN_INT_CONVERSION = YES;
				CLANG_WARN_NON_LITERAL_NULL_CONVERSION = YES;
				CLANG_WARN_OBJC_IMPLICIT_RETAIN_SELF = YES;
				CLANG_WARN_OBJC_LITERAL_CONVERSION = YES;
				CLANG_WARN_OBJC_ROOT_CLASS = YES_ERROR;
				CLANG_WARN_QUOTED_INCLUDE_IN_FRAMEWORK_HEADER = YES;
				CLANG_WARN_RANGE_LOOP_ANALYSIS = YES;
				CLANG_WARN_STRICT_PROTOTYPES = YES;
				CLANG_WARN_SUSPICIOUS_MOVE = YES;
				CLANG_WARN_UNGUARDED_AVAILABILITY = YES_AGGRESSIVE;
				CLANG_WARN_UNREACHABLE_CODE = YES;
				CLANG_WARN__DUPLICATE_METHOD_MATCH = YES;
				COPY_PHASE_STRIP = NO;
				DEBUG_INFORMATION_FORMAT = dwarf;
				ENABLE_STRICT_OBJC_MSGSEND = YES;
				ENABLE_TESTABILITY = YES;
				GCC_C_LANGUAGE_STANDARD = gnu11;
				GCC_DYNAMIC_NO_PIC = NO;
				GCC_NO_COMMON_BLOCKS = YES;
				GCC_OPTIMIZATION_LEVEL = 0;
				GCC_PREPROCESSOR_DEFINITIONS = (
					"DEBUG=1",
					"$(inherited)",
				);
				GCC_WARN_64_TO_32_BIT_CONVERSION = YES;
				GCC_WARN_ABOUT_RETURN_TYPE = YES_ERROR;
				GCC_WARN_UNDECLARED_SELECTOR = YES;
				GCC_WARN_UNINITIALIZED_AUTOS = YES_AGGRESSIVE;
				GCC_WARN_UNUSED_FUNCTION = YES;
				GCC_WARN_UNUSED_VARIABLE = YES;
				MTL_ENABLE_DEBUG_INFO = INCLUDE_SOURCE;
				MTL_FAST_MATH = YES;
				ONLY_ACTIVE_ARCH = YES;
				SWIFT_ACTIVE_COMPILATION_CONDITIONS = DEBUG;
				SWIFT_OPTIMIZATION_LEVEL = "-Onone";
			};
			name = Debug;
		};
		53C843BB28B6930E003437CB /* Release */ = {
			isa = XCBuildConfiguration;
			buildSettings = {
				ALWAYS_SEARCH_USER_PATHS = NO;
				CLANG_ANALYZER_NONNULL = YES;
				CLANG_ANALYZER_NUMBER_OBJECT_CONVERSION = YES_AGGRESSIVE;
				CLANG_CXX_LANGUAGE_STANDARD = "gnu++17";
				CLANG_ENABLE_MODULES = YES;
				CLANG_ENABLE_OBJC_ARC = YES;
				CLANG_ENABLE_OBJC_WEAK = YES;
				CLANG_WARN_BLOCK_CAPTURE_AUTORELEASING = YES;
				CLANG_WARN_BOOL_CONVERSION = YES;
				CLANG_WARN_COMMA = YES;
				CLANG_WARN_CONSTANT_CONVERSION = YES;
				CLANG_WARN_DEPRECATED_OBJC_IMPLEMENTATIONS = YES;
				CLANG_WARN_DIRECT_OBJC_ISA_USAGE = YES_ERROR;
				CLANG_WARN_DOCUMENTATION_COMMENTS = YES;
				CLANG_WARN_EMPTY_BODY = YES;
				CLANG_WARN_ENUM_CONVERSION = YES;
				CLANG_WARN_INFINITE_RECURSION = YES;
				CLANG_WARN_INT_CONVERSION = YES;
				CLANG_WARN_NON_LITERAL_NULL_CONVERSION = YES;
				CLANG_WARN_OBJC_IMPLICIT_RETAIN_SELF = YES;
				CLANG_WARN_OBJC_LITERAL_CONVERSION = YES;
				CLANG_WARN_OBJC_ROOT_CLASS = YES_ERROR;
				CLANG_WARN_QUOTED_INCLUDE_IN_FRAMEWORK_HEADER = YES;
				CLANG_WARN_RANGE_LOOP_ANALYSIS = YES;
				CLANG_WARN_STRICT_PROTOTYPES = YES;
				CLANG_WARN_SUSPICIOUS_MOVE = YES;
				CLANG_WARN_UNGUARDED_AVAILABILITY = YES_AGGRESSIVE;
				CLANG_WARN_UNREACHABLE_CODE = YES;
				CLANG_WARN__DUPLICATE_METHOD_MATCH = YES;
				COPY_PHASE_STRIP = NO;
				DEBUG_INFORMATION_FORMAT = "dwarf-with-dsym";
				ENABLE_NS_ASSERTIONS = NO;
				ENABLE_STRICT_OBJC_MSGSEND = YES;
				GCC_C_LANGUAGE_STANDARD = gnu11;
				GCC_NO_COMMON_BLOCKS = YES;
				GCC_WARN_64_TO_32_BIT_CONVERSION = YES;
				GCC_WARN_ABOUT_RETURN_TYPE = YES_ERROR;
				GCC_WARN_UNDECLARED_SELECTOR = YES;
				GCC_WARN_UNINITIALIZED_AUTOS = YES_AGGRESSIVE;
				GCC_WARN_UNUSED_FUNCTION = YES;
				GCC_WARN_UNUSED_VARIABLE = YES;
				MTL_ENABLE_DEBUG_INFO = NO;
				MTL_FAST_MATH = YES;
				SWIFT_COMPILATION_MODE = wholemodule;
				SWIFT_OPTIMIZATION_LEVEL = "-O";
			};
			name = Release;
		};
		53C843BD28B6930E003437CB /* Debug */ = {
			isa = XCBuildConfiguration;
			buildSettings = {
				ASSETCATALOG_COMPILER_APPICON_NAME = AppIcon;
				ASSETCATALOG_COMPILER_GLOBAL_ACCENT_COLOR_NAME = AccentColor;
				CODE_SIGN_STYLE = Automatic;
				CURRENT_PROJECT_VERSION = 1;
				DEVELOPMENT_TEAM = GZ962756J3;
				ENABLE_PREVIEWS = YES;
				GENERATE_INFOPLIST_FILE = YES;
				INFOPLIST_KEY_UIApplicationSceneManifest_Generation = YES;
				INFOPLIST_KEY_UIApplicationSupportsIndirectInputEvents = YES;
				INFOPLIST_KEY_UILaunchScreen_Generation = YES;
				INFOPLIST_KEY_UISupportedInterfaceOrientations_iPad = "UIInterfaceOrientationPortrait UIInterfaceOrientationPortraitUpsideDown UIInterfaceOrientationLandscapeLeft UIInterfaceOrientationLandscapeRight";
				INFOPLIST_KEY_UISupportedInterfaceOrientations_iPhone = "UIInterfaceOrientationPortrait UIInterfaceOrientationLandscapeLeft UIInterfaceOrientationLandscapeRight";
				IPHONEOS_DEPLOYMENT_TARGET = 15.5;
				LD_RUNPATH_SEARCH_PATHS = (
					"$(inherited)",
					"@executable_path/Frameworks",
				);
				MARKETING_VERSION = 1.0;
				PRODUCT_BUNDLE_IDENTIFIER = com.me.kbromley.AnimatableVectorDemo;
				PRODUCT_NAME = AnimatableVectorDemo;
				SDKROOT = iphoneos;
				SWIFT_EMIT_LOC_STRINGS = YES;
				SWIFT_VERSION = 5.0;
				TARGETED_DEVICE_FAMILY = "1,2";
			};
			name = Debug;
		};
		53C843BE28B6930E003437CB /* Release */ = {
			isa = XCBuildConfiguration;
			buildSettings = {
				ASSETCATALOG_COMPILER_APPICON_NAME = AppIcon;
				ASSETCATALOG_COMPILER_GLOBAL_ACCENT_COLOR_NAME = AccentColor;
				CODE_SIGN_STYLE = Automatic;
				CURRENT_PROJECT_VERSION = 1;
				DEVELOPMENT_TEAM = GZ962756J3;
				ENABLE_PREVIEWS = YES;
				GENERATE_INFOPLIST_FILE = YES;
				INFOPLIST_KEY_UIApplicationSceneManifest_Generation = YES;
				INFOPLIST_KEY_UIApplicationSupportsIndirectInputEvents = YES;
				INFOPLIST_KEY_UILaunchScreen_Generation = YES;
				INFOPLIST_KEY_UISupportedInterfaceOrientations_iPad = "UIInterfaceOrientationPortrait UIInterfaceOrientationPortraitUpsideDown UIInterfaceOrientationLandscapeLeft UIInterfaceOrientationLandscapeRight";
				INFOPLIST_KEY_UISupportedInterfaceOrientations_iPhone = "UIInterfaceOrientationPortrait UIInterfaceOrientationLandscapeLeft UIInterfaceOrientationLandscapeRight";
				IPHONEOS_DEPLOYMENT_TARGET = 15.5;
				LD_RUNPATH_SEARCH_PATHS = (
					"$(inherited)",
					"@executable_path/Frameworks",
				);
				MARKETING_VERSION = 1.0;
				PRODUCT_BUNDLE_IDENTIFIER = com.me.kbromley.AnimatableVectorDemo;
				PRODUCT_NAME = AnimatableVectorDemo;
				SDKROOT = iphoneos;
				SWIFT_EMIT_LOC_STRINGS = YES;
				SWIFT_VERSION = 5.0;
				TARGETED_DEVICE_FAMILY = "1,2";
				VALIDATE_PRODUCT = YES;
			};
			name = Release;
		};
		53C843C028B6930E003437CB /* Debug */ = {
			isa = XCBuildConfiguration;
			buildSettings = {
				ASSETCATALOG_COMPILER_APPICON_NAME = AppIcon;
				ASSETCATALOG_COMPILER_GLOBAL_ACCENT_COLOR_NAME = AccentColor;
				CODE_SIGN_ENTITLEMENTS = macOS/macOS.entitlements;
				CODE_SIGN_STYLE = Automatic;
				COMBINE_HIDPI_IMAGES = YES;
				CURRENT_PROJECT_VERSION = 1;
				DEVELOPMENT_TEAM = GZ962756J3;
				ENABLE_HARDENED_RUNTIME = YES;
				ENABLE_PREVIEWS = YES;
				GENERATE_INFOPLIST_FILE = YES;
				INFOPLIST_KEY_NSHumanReadableCopyright = "";
				LD_RUNPATH_SEARCH_PATHS = (
					"$(inherited)",
					"@executable_path/../Frameworks",
				);
				MACOSX_DEPLOYMENT_TARGET = 12.3;
				MARKETING_VERSION = 1.0;
				PRODUCT_BUNDLE_IDENTIFIER = com.me.kbromley.AnimatableVectorDemo;
				PRODUCT_NAME = AnimatableVectorDemo;
				SDKROOT = macosx;
				SWIFT_EMIT_LOC_STRINGS = YES;
				SWIFT_VERSION = 5.0;
			};
			name = Debug;
		};
		53C843C128B6930E003437CB /* Release */ = {
			isa = XCBuildConfiguration;
			buildSettings = {
				ASSETCATALOG_COMPILER_APPICON_NAME = AppIcon;
				ASSETCATALOG_COMPILER_GLOBAL_ACCENT_COLOR_NAME = AccentColor;
				CODE_SIGN_ENTITLEMENTS = macOS/macOS.entitlements;
				CODE_SIGN_STYLE = Automatic;
				COMBINE_HIDPI_IMAGES = YES;
				CURRENT_PROJECT_VERSION = 1;
				DEVELOPMENT_TEAM = GZ962756J3;
				ENABLE_HARDENED_RUNTIME = YES;
				ENABLE_PREVIEWS = YES;
				GENERATE_INFOPLIST_FILE = YES;
				INFOPLIST_KEY_NSHumanReadableCopyright = "";
				LD_RUNPATH_SEARCH_PATHS = (
					"$(inherited)",
					"@executable_path/../Frameworks",
				);
				MACOSX_DEPLOYMENT_TARGET = 12.3;
				MARKETING_VERSION = 1.0;
				PRODUCT_BUNDLE_IDENTIFIER = com.me.kbromley.AnimatableVectorDemo;
				PRODUCT_NAME = AnimatableVectorDemo;
				SDKROOT = macosx;
				SWIFT_EMIT_LOC_STRINGS = YES;
				SWIFT_VERSION = 5.0;
			};
			name = Release;
		};
/* End XCBuildConfiguration section */

/* Begin XCConfigurationList section */
		53C843A228B6930D003437CB /* Build configuration list for PBXProject "AnimatableVectorDemo" */ = {
			isa = XCConfigurationList;
			buildConfigurations = (
				53C843BA28B6930E003437CB /* Debug */,
				53C843BB28B6930E003437CB /* Release */,
			);
			defaultConfigurationIsVisible = 0;
			defaultConfigurationName = Release;
		};
		53C843BC28B6930E003437CB /* Build configuration list for PBXNativeTarget "AnimatableVectorDemo (iOS)" */ = {
			isa = XCConfigurationList;
			buildConfigurations = (
				53C843BD28B6930E003437CB /* Debug */,
				53C843BE28B6930E003437CB /* Release */,
			);
			defaultConfigurationIsVisible = 0;
			defaultConfigurationName = Release;
		};
		53C843BF28B6930E003437CB /* Build configuration list for PBXNativeTarget "AnimatableVectorDemo (macOS)" */ = {
			isa = XCConfigurationList;
			buildConfigurations = (
				53C843C028B6930E003437CB /* Debug */,
				53C843C128B6930E003437CB /* Release */,
			);
			defaultConfigurationIsVisible = 0;
			defaultConfigurationName = Release;
		};
/* End XCConfigurationList section */
	};
	rootObject = 53C8439F28B6930D003437CB /* Project object */;
}
